
Microsoft Visual Studio Solution File, Format Version 12.00
# Visual Studio Version 16
VisualStudioVersion = 16.0.28922.388
MinimumVisualStudioVersion = 10.0.40219.1
Project("{2150E333-8FDC-42A3-9474-1A3956D46DE8}") = "src", "src", "{79076E25-5302-46C1-ACA2-D15B06EA4DB4}"
EndProject
Project("{9A19103F-16F7-4668-BE54-9A1E7A4F7556}") = "Xc.StuMgr.Application", "src\Xc.StuMgr.Application\Xc.StuMgr.Application.csproj", "{613C8308-4697-4821-87EF-8B776AFD8D73}"
EndProject
Project("{2150E333-8FDC-42A3-9474-1A3956D46DE8}") = "02 Application", "02 Application", "{F47A65FE-7F50-4DCE-8A70-8D9DEFF4CB03}"
EndProject
Project("{2150E333-8FDC-42A3-9474-1A3956D46DE8}") = "01 UI", "01 UI", "{E28C776B-7945-4B2B-A75C-8F43E5FB3F4D}"
EndProject
Project("{9A19103F-16F7-4668-BE54-9A1E7A4F7556}") = "Xc.StuMgr.WebHost", "src\Xc.StuMgr.WebHost\Xc.StuMgr.WebHost.csproj", "{4DB32EDE-4F46-4C7C-83C4-B749F65F5480}"
EndProject
Project("{2150E333-8FDC-42A3-9474-1A3956D46DE8}") = "03 Domain", "03 Domain", "{D787DC15-5E7D-425A-ABFE-D1248CD81639}"
EndProject
Project("{2150E333-8FDC-42A3-9474-1A3956D46DE8}") = "04 Infrastructure", "04 Infrastructure", "{022746B2-FA8B-49D6-9059-91CBA1AB6B3C}"
EndProject
Project("{9A19103F-16F7-4668-BE54-9A1E7A4F7556}") = "Panda.DynamicWebApi", "..\..\src\Panda.DynamicWebApi\Panda.DynamicWebApi.csproj", "{F86F7EAB-1574-4E6F-9EF4-0B690AEA7ABC}"
EndProject
Global
	GlobalSection(SolutionConfigurationPlatforms) = preSolution
		Debug|Any CPU = Debug|Any CPU
		Release|Any CPU = Release|Any CPU
	EndGlobalSection
	GlobalSection(ProjectConfigurationPlatforms) = postSolution
		{613C8308-4697-4821-87EF-8B776AFD8D73}.Debug|Any CPU.ActiveCfg = Debug|Any CPU
		{613C8308-4697-4821-87EF-8B776AFD8D73}.Debug|Any CPU.Build.0 = Debug|Any CPU
		{613C8308-4697-4821-87EF-8B776AFD8D73}.Release|Any CPU.ActiveCfg = Release|Any CPU
		{613C8308-4697-4821-87EF-8B776AFD8D73}.Release|Any CPU.Build.0 = Release|Any CPU
		{4DB32EDE-4F46-4C7C-83C4-B749F65F5480}.Debug|Any CPU.ActiveCfg = Debug|Any CPU
		{4DB32EDE-4F46-4C7C-83C4-B749F65F5480}.Debug|Any CPU.Build.0 = Debug|Any CPU
		{4DB32EDE-4F46-4C7C-83C4-B749F65F5480}.Release|Any CPU.ActiveCfg = Release|Any CPU
		{4DB32EDE-4F46-4C7C-83C4-B749F65F5480}.Release|Any CPU.Build.0 = Release|Any CPU
		{F86F7EAB-1574-4E6F-9EF4-0B690AEA7ABC}.Debug|Any CPU.ActiveCfg = Debug|Any CPU
		{F86F7EAB-1574-4E6F-9EF4-0B690AEA7ABC}.Debug|Any CPU.Build.0 = Debug|Any CPU
		{F86F7EAB-1574-4E6F-9EF4-0B690AEA7ABC}.Release|Any CPU.ActiveCfg = Release|Any CPU
		{F86F7EAB-1574-4E6F-9EF4-0B690AEA7ABC}.Release|Any CPU.Build.0 = Release|Any CPU
	EndGlobalSection
	GlobalSection(SolutionProperties) = preSolution
		HideSolutionNode = FALSE
	EndGlobalSection
	GlobalSection(NestedProjects) = preSolution
		{613C8308-4697-4821-87EF-8B776AFD8D73} = {F47A65FE-7F50-4DCE-8A70-8D9DEFF4CB03}
		{F47A65FE-7F50-4DCE-8A70-8D9DEFF4CB03} = {79076E25-5302-46C1-ACA2-D15B06EA4DB4}
		{E28C776B-7945-4B2B-A75C-8F43E5FB3F4D} = {79076E25-5302-46C1-ACA2-D15B06EA4DB4}
		{4DB32EDE-4F46-4C7C-83C4-B749F65F5480} = {E28C776B-7945-4B2B-A75C-8F43E5FB3F4D}
		{D787DC15-5E7D-425A-ABFE-D1248CD81639} = {79076E25-5302-46C1-ACA2-D15B06EA4DB4}
		{022746B2-FA8B-49D6-9059-91CBA1AB6B3C} = {79076E25-5302-46C1-ACA2-D15B06EA4DB4}
		{F86F7EAB-1574-4E6F-9EF4-0B690AEA7ABC} = {022746B2-FA8B-49D6-9059-91CBA1AB6B3C}
	EndGlobalSection
	GlobalSection(ExtensibilityGlobals) = postSolution
		SolutionGuid = {45B2E270-11C2-4658-B7A6-482A46B87160}
	EndGlobalSection
EndGlobal
